
Microsoft Visual Studio Solution File, Format Version 12.00
# Visual Studio 15
VisualStudioVersion = 15.0.28307.168
MinimumVisualStudioVersion = 10.0.40219.1
Project("{E24C65DC-7377-472B-9ABA-BC803B73C61A}") = "PROTESTingg", ".", "{120D48FF-752D-4BF3-B542-BC6171FE927A}"
	ProjectSection(WebsiteProperties) = preProject
		TargetFrameworkMoniker = ".NETFramework,Version%3Dv4.0"
		Debug.AspNetCompiler.VirtualPath = "/localhost_6549"
		Debug.AspNetCompiler.PhysicalPath = "..\PROTESTingg\"
		Debug.AspNetCompiler.TargetPath = "PrecompiledWeb\localhost_6549\"
		Debug.AspNetCompiler.Updateable = "true"
		Debug.AspNetCompiler.ForceOverwrite = "true"
		Debug.AspNetCompiler.FixedNames = "false"
		Debug.AspNetCompiler.Debug = "True"
		Release.AspNetCompiler.VirtualPath = "/localhost_6549"
		Release.AspNetCompiler.PhysicalPath = "..\PROTESTingg\"
		Release.AspNetCompiler.TargetPath = "PrecompiledWeb\localhost_6549\"
		Release.AspNetCompiler.Updateable = "true"
		Release.AspNetCompiler.ForceOverwrite = "true"
		Release.AspNetCompiler.FixedNames = "false"
		Release.AspNetCompiler.Debug = "False"
		VWDPort = "6549"
		SlnRelativePath = "..\PROTESTingg\"
	EndProjectSection
EndProject
Global
	GlobalSection(SolutionConfigurationPlatforms) = preSolution
		Debug|Any CPU = Debug|Any CPU
	EndGlobalSection
	GlobalSection(ProjectConfigurationPlatforms) = postSolution
		{120D48FF-752D-4BF3-B542-BC6171FE927A}.Debug|Any CPU.ActiveCfg = Debug|Any CPU
		{120D48FF-752D-4BF3-B542-BC6171FE927A}.Debug|Any CPU.Build.0 = Debug|Any CPU
	EndGlobalSection
	GlobalSection(SolutionProperties) = preSolution
		HideSolutionNode = FALSE
	EndGlobalSection
	GlobalSection(ExtensibilityGlobals) = postSolution
		SolutionGuid = {DA9E11A0-35AC-45FB-BE20-47CED0B1EF2D}
	EndGlobalSection
EndGlobal
